
Microsoft Visual Studio Solution File, Format Version 12.00
# Visual Studio Version 17
VisualStudioVersion = 17.3.32929.385
MinimumVisualStudioVersion = 10.0.40219.1
Project("{F184B08F-C81C-45F6-A57F-5ABD9991F28F}") = "ContaHogar 3.0", "ContaHogar 3.0.vbproj", "{F5BBC0C7-9A64-47D9-AC81-A82513BA1E23}"
EndProject
Project("{54435603-DBB4-11D2-8724-00A0C9A8B90C}") = "InstaladorContaHogar3.0", "..\InstaladorContaHogar3.0\InstaladorContaHogar3.0.vdproj", "{A20F51BF-0DCD-66F5-A3B5-8D569BED76A9}"
EndProject
Global
	GlobalSection(SolutionConfigurationPlatforms) = preSolution
		Debug|Any CPU = Debug|Any CPU
		Debug|ARM64 = Debug|ARM64
		Debug|x64 = Debug|x64
		Debug|x86 = Debug|x86
		Release|Any CPU = Release|Any CPU
		Release|ARM64 = Release|ARM64
		Release|x64 = Release|x64
		Release|x86 = Release|x86
	EndGlobalSection
	GlobalSection(ProjectConfigurationPlatforms) = postSolution
		{F5BBC0C7-9A64-47D9-AC81-A82513BA1E23}.Debug|Any CPU.ActiveCfg = Debug|Any CPU
		{F5BBC0C7-9A64-47D9-AC81-A82513BA1E23}.Debug|Any CPU.Build.0 = Debug|Any CPU
		{F5BBC0C7-9A64-47D9-AC81-A82513BA1E23}.Debug|ARM64.ActiveCfg = Debug|Any CPU
		{F5BBC0C7-9A64-47D9-AC81-A82513BA1E23}.Debug|ARM64.Build.0 = Debug|Any CPU
		{F5BBC0C7-9A64-47D9-AC81-A82513BA1E23}.Debug|x64.ActiveCfg = Debug|Any CPU
		{F5BBC0C7-9A64-47D9-AC81-A82513BA1E23}.Debug|x64.Build.0 = Debug|Any CPU
		{F5BBC0C7-9A64-47D9-AC81-A82513BA1E23}.Debug|x86.ActiveCfg = Debug|Any CPU
		{F5BBC0C7-9A64-47D9-AC81-A82513BA1E23}.Debug|x86.Build.0 = Debug|Any CPU
		{F5BBC0C7-9A64-47D9-AC81-A82513BA1E23}.Release|Any CPU.ActiveCfg = Release|Any CPU
		{F5BBC0C7-9A64-47D9-AC81-A82513BA1E23}.Release|Any CPU.Build.0 = Release|Any CPU
		{F5BBC0C7-9A64-47D9-AC81-A82513BA1E23}.Release|ARM64.ActiveCfg = Release|Any CPU
		{F5BBC0C7-9A64-47D9-AC81-A82513BA1E23}.Release|ARM64.Build.0 = Release|Any CPU
		{F5BBC0C7-9A64-47D9-AC81-A82513BA1E23}.Release|x64.ActiveCfg = Release|Any CPU
		{F5BBC0C7-9A64-47D9-AC81-A82513BA1E23}.Release|x64.Build.0 = Release|Any CPU
		{F5BBC0C7-9A64-47D9-AC81-A82513BA1E23}.Release|x86.ActiveCfg = Release|Any CPU
		{F5BBC0C7-9A64-47D9-AC81-A82513BA1E23}.Release|x86.Build.0 = Release|Any CPU
		{A20F51BF-0DCD-66F5-A3B5-8D569BED76A9}.Debug|Any CPU.ActiveCfg = Debug
		{A20F51BF-0DCD-66F5-A3B5-8D569BED76A9}.Debug|Any CPU.Build.0 = Debug
		{A20F51BF-0DCD-66F5-A3B5-8D569BED76A9}.Debug|ARM64.ActiveCfg = Debug
		{A20F51BF-0DCD-66F5-A3B5-8D569BED76A9}.Debug|ARM64.Build.0 = Debug
		{A20F51BF-0DCD-66F5-A3B5-8D569BED76A9}.Debug|x64.ActiveCfg = Debug
		{A20F51BF-0DCD-66F5-A3B5-8D569BED76A9}.Debug|x64.Build.0 = Debug
		{A20F51BF-0DCD-66F5-A3B5-8D569BED76A9}.Debug|x86.ActiveCfg = Debug
		{A20F51BF-0DCD-66F5-A3B5-8D569BED76A9}.Debug|x86.Build.0 = Debug
		{A20F51BF-0DCD-66F5-A3B5-8D569BED76A9}.Release|Any CPU.ActiveCfg = Release
		{A20F51BF-0DCD-66F5-A3B5-8D569BED76A9}.Release|Any CPU.Build.0 = Release
		{A20F51BF-0DCD-66F5-A3B5-8D569BED76A9}.Release|ARM64.ActiveCfg = Release
		{A20F51BF-0DCD-66F5-A3B5-8D569BED76A9}.Release|ARM64.Build.0 = Release
		{A20F51BF-0DCD-66F5-A3B5-8D569BED76A9}.Release|x64.ActiveCfg = Release
		{A20F51BF-0DCD-66F5-A3B5-8D569BED76A9}.Release|x64.Build.0 = Release
		{A20F51BF-0DCD-66F5-A3B5-8D569BED76A9}.Release|x86.ActiveCfg = Release
		{A20F51BF-0DCD-66F5-A3B5-8D569BED76A9}.Release|x86.Build.0 = Release
	EndGlobalSection
	GlobalSection(SolutionProperties) = preSolution
		HideSolutionNode = FALSE
	EndGlobalSection
	GlobalSection(ExtensibilityGlobals) = postSolution
		SolutionGuid = {444CFA9D-D8CC-42D9-AD86-7B13AAE961F2}
	EndGlobalSection
EndGlobal
